
Microsoft Visual Studio Solution File, Format Version 12.00
# Visual Studio Version 16
VisualStudioVersion = 16.0.30711.63
MinimumVisualStudioVersion = 10.0.40219.1
Project("{FAE04EC0-301F-11D3-BF4B-00C04F79EFBC}") = "ConsoleApp1", "ConsoleApp1\ConsoleApp1.csproj", "{3FDC7862-E8BA-4F03-8F54-FAEDF784C320}"
EndProject
Global
	GlobalSection(SolutionConfigurationPlatforms) = preSolution
		Debug|Any CPU = Debug|Any CPU
		Release|Any CPU = Release|Any CPU
	EndGlobalSection
	GlobalSection(ProjectConfigurationPlatforms) = postSolution
		{3FDC7862-E8BA-4F03-8F54-FAEDF784C320}.Debug|Any CPU.ActiveCfg = Debug|Any CPU
		{3FDC7862-E8BA-4F03-8F54-FAEDF784C320}.Debug|Any CPU.Build.0 = Debug|Any CPU
		{3FDC7862-E8BA-4F03-8F54-FAEDF784C320}.Release|Any CPU.ActiveCfg = Release|Any CPU
		{3FDC7862-E8BA-4F03-8F54-FAEDF784C320}.Release|Any CPU.Build.0 = Release|Any CPU
	EndGlobalSection
	GlobalSection(SolutionProperties) = preSolution
		HideSolutionNode = FALSE
	EndGlobalSection
	GlobalSection(ExtensibilityGlobals) = postSolution
		SolutionGuid = {1B440EC8-7C7A-4B92-B9D8-B1369DC001FB}
	EndGlobalSection
EndGlobal
